
Microsoft Visual Studio Solution File, Format Version 12.00
# Visual Studio Version 17
VisualStudioVersion = 17.8.34330.188
MinimumVisualStudioVersion = 10.0.40219.1
Project("{FAE04EC0-301F-11D3-BF4B-00C04F79EFBC}") = "AutoML_Training_Demo", "AutoML Demo\AutoML_Training_Demo.csproj", "{D8C98127-8F1C-495E-98F8-2B2B8AEE603B}"
EndProject
Global
	GlobalSection(SolutionConfigurationPlatforms) = preSolution
		Debug|Any CPU = Debug|Any CPU
		Release|Any CPU = Release|Any CPU
	EndGlobalSection
	GlobalSection(ProjectConfigurationPlatforms) = postSolution
		{D8C98127-8F1C-495E-98F8-2B2B8AEE603B}.Debug|Any CPU.ActiveCfg = Debug|Any CPU
		{D8C98127-8F1C-495E-98F8-2B2B8AEE603B}.Debug|Any CPU.Build.0 = Debug|Any CPU
		{D8C98127-8F1C-495E-98F8-2B2B8AEE603B}.Release|Any CPU.ActiveCfg = Release|Any CPU
		{D8C98127-8F1C-495E-98F8-2B2B8AEE603B}.Release|Any CPU.Build.0 = Release|Any CPU
	EndGlobalSection
	GlobalSection(SolutionProperties) = preSolution
		HideSolutionNode = FALSE
	EndGlobalSection
	GlobalSection(ExtensibilityGlobals) = postSolution
		SolutionGuid = {43E44666-5A43-4955-8B31-55CB9C0FB915}
	EndGlobalSection
EndGlobal
